# THIS IS AN AUTOGENERATED FILE. DO NOT EDIT THIS FILE DIRECTLY.
# yarn lockfile v1


react-native-flipper@^0.34.0:
  version "0.34.0"
  resolved "https://registry.yarnpkg.com/react-native-flipper/-/react-native-flipper-0.34.0.tgz#7df1f38ba5d97a9321125fe0fccbe47d99e6fa1d"
  integrity sha512-48wgm29HJTOlZ0DibBsvXueEOY0EPIVL0wWKbwRfgrk86+luSEuLW3aZC50oJa95zSFb9qYShTV/6dWqh4Jamg==
